<?xml version="1.0" encoding="utf-8"?>
<Project ToolsVersion="4.0" xmlns="http://schemas.microsoft.com/developer/msbuild/2003">
  <ItemGroup>
    <Filter Include="Source Files">
      <UniqueIdentifier>{4FC737F1-C7A5-4376-A066-2A32D752A2FF}</UniqueIdentifier>
      <Extensions>cpp;c;cc;cxx;def;odl;idl;hpj;bat;asm;asmx</Extensions>
    </Filter>
    <Filter Include="wxFormBuilder">
      <UniqueIdentifier>{67DA6AB6-F800-4c08-8B7A-83BB121AAD01}</UniqueIdentifier>
      <Extensions>rc;ico;cur;bmp;dlg;rc2;rct;bin;rgs;gif;jpg;jpeg;jpe;resx;tiff;tif;png;wav;mfcribbon-ms</Extensions>
    </Filter>
    <Filter Include="wxGUI Files">
      <UniqueIdentifier>{93995380-89BD-4b04-88EB-625FBE52EBFB}</UniqueIdentifier>
      <Extensions>h;hpp;hxx;hm;inl;inc;xsd</Extensions>
    </Filter>
    <Filter Include="Utils">
      <UniqueIdentifier>{d66fef7a-3eba-42ba-8f34-423bf8394530}</UniqueIdentifier>
    </Filter>
    <Filter Include="Shaders">
      <UniqueIdentifier>{fedf1e57-5744-4380-81ec-6185950ae4f3}</UniqueIdentifier>
    </Filter>
  </ItemGroup>
  <ItemGroup>
    <ClCompile Include="AppFrame.cpp">
      <Filter>wxGUI Files</Filter>
    </ClCompile>
    <ClCompile Include="gui.cpp">
      <Filter>wxGUI Files</Filter>
    </ClCompile>
    <ClCompile Include="BaseApp.cpp">
      <Filter>Source Files</Filter>
    </ClCompile>
    <ClCompile Include="AppGLCanvas.cpp">
      <Filter>wxGUI Files</Filter>
    </ClCompile>
    <ClCompile Include="AppGLContext.cpp">
      <Filter>Source Files</Filter>
    </ClCompile>
    <ClCompile Include="GLSLProgram.cpp">
      <Filter>Source Files</Filter>
    </ClCompile>
    <ClCompile Include="Util.cpp">
      <Filter>Utils</Filter>
    </ClCompile>
    <ClCompile Include="..\..\shared\cTimer.cpp">
      <Filter>Utils</Filter>
    </ClCompile>
    <ClCompile Include="..\..\shared\cTexture.cpp">
      <Filter>Utils</Filter>
    </ClCompile>
    <ClCompile Include="Mesh.cpp">
      <Filter>Source Files</Filter>
    </ClCompile>
    <ClCompile Include="AquaSurface.cpp">
      <Filter>Source Files</Filter>
    </ClCompile>
    <ClCompile Include="Skybox.cpp">
      <Filter>Source Files</Filter>
    </ClCompile>
    <ClCompile Include="Drawable.cpp">
      <Filter>Source Files</Filter>
    </ClCompile>
  </ItemGroup>
  <ItemGroup>
    <None Include="TODO.txt" />
    <None Include="shader\texture.fs">
      <Filter>Shaders</Filter>
    </None>
    <None Include="shader\texture.vs">
      <Filter>Shaders</Filter>
    </None>
    <None Include="Aqua_Simulator.fbp">
      <Filter>wxFormBuilder</Filter>
    </None>
    <None Include="shader\aquasurf.fs">
      <Filter>Shaders</Filter>
    </None>
    <None Include="shader\aquasurf.vs">
      <Filter>Shaders</Filter>
    </None>
    <None Include="shader\cubemap.fs">
      <Filter>Shaders</Filter>
    </None>
    <None Include="shader\cubemap.vs">
      <Filter>Shaders</Filter>
    </None>
  </ItemGroup>
  <ItemGroup>
    <ClInclude Include="AppFrame.h">
      <Filter>wxGUI Files</Filter>
    </ClInclude>
    <ClInclude Include="gui.h">
      <Filter>wxGUI Files</Filter>
    </ClInclude>
    <ClInclude Include="BaseApp.h">
      <Filter>Source Files</Filter>
    </ClInclude>
    <ClInclude Include="AppGLCanvas.h">
      <Filter>wxGUI Files</Filter>
    </ClInclude>
    <ClInclude Include="AppGLContext.h">
      <Filter>Source Files</Filter>
    </ClInclude>
    <ClInclude Include="GLSLProgram.h">
      <Filter>Source Files</Filter>
    </ClInclude>
    <ClInclude Include="Util.h">
      <Filter>Utils</Filter>
    </ClInclude>
    <ClInclude Include="..\..\shared\cTimer.h">
      <Filter>Utils</Filter>
    </ClInclude>
    <ClInclude Include="..\..\shared\cTexture.h">
      <Filter>Utils</Filter>
    </ClInclude>
    <ClInclude Include="Defines.h">
      <Filter>Utils</Filter>
    </ClInclude>
    <ClInclude Include="AquaSurface.h">
      <Filter>Source Files</Filter>
    </ClInclude>
    <ClInclude Include="Mesh.h">
      <Filter>Source Files</Filter>
    </ClInclude>
    <ClInclude Include="Skybox.h">
      <Filter>Source Files</Filter>
    </ClInclude>
    <ClInclude Include="Drawable.h">
      <Filter>Source Files</Filter>
    </ClInclude>
  </ItemGroup>
</Project>